
Microsoft Visual Studio Solution File, Format Version 12.00
# Visual Studio Version 17
VisualStudioVersion = 17.4.33403.182
MinimumVisualStudioVersion = 10.0.40219.1
Project("{9A19103F-16F7-4668-BE54-9A1E7A4F7556}") = "Lab4", "Lab4\Lab4.csproj", "{B366E7ED-7302-44AE-8782-9542FB349C81}"
EndProject
Global
	GlobalSection(SolutionConfigurationPlatforms) = preSolution
		Debug|Any CPU = Debug|Any CPU
		Release|Any CPU = Release|Any CPU
	EndGlobalSection
	GlobalSection(ProjectConfigurationPlatforms) = postSolution
		{B366E7ED-7302-44AE-8782-9542FB349C81}.Debug|Any CPU.ActiveCfg = Debug|Any CPU
		{B366E7ED-7302-44AE-8782-9542FB349C81}.Debug|Any CPU.Build.0 = Debug|Any CPU
		{B366E7ED-7302-44AE-8782-9542FB349C81}.Release|Any CPU.ActiveCfg = Release|Any CPU
		{B366E7ED-7302-44AE-8782-9542FB349C81}.Release|Any CPU.Build.0 = Release|Any CPU
	EndGlobalSection
	GlobalSection(SolutionProperties) = preSolution
		HideSolutionNode = FALSE
	EndGlobalSection
	GlobalSection(ExtensibilityGlobals) = postSolution
		SolutionGuid = {D20DD4B7-4A33-46D6-924D-56CE9DE77250}
	EndGlobalSection
EndGlobal
